
Microsoft Visual Studio Solution File, Format Version 12.00
# Visual Studio 15
VisualStudioVersion = 15.0.27130.2036
MinimumVisualStudioVersion = 10.0.40219.1
Project("{FAE04EC0-301F-11D3-BF4B-00C04F79EFBC}") = "CS-ASP_041", "CS-ASP_041\CS-ASP_041.csproj", "{23523DBE-0751-43FB-A10E-5A5D2BC2F93E}"
EndProject
Project("{FAE04EC0-301F-11D3-BF4B-00C04F79EFBC}") = "HeroMonster", "HeroMonster\HeroMonster.csproj", "{C7D732E3-EFF4-4AE7-8023-6FF64A0D70EE}"
EndProject
Global
	GlobalSection(SolutionConfigurationPlatforms) = preSolution
		Debug|Any CPU = Debug|Any CPU
		Release|Any CPU = Release|Any CPU
	EndGlobalSection
	GlobalSection(ProjectConfigurationPlatforms) = postSolution
		{23523DBE-0751-43FB-A10E-5A5D2BC2F93E}.Debug|Any CPU.ActiveCfg = Debug|Any CPU
		{23523DBE-0751-43FB-A10E-5A5D2BC2F93E}.Debug|Any CPU.Build.0 = Debug|Any CPU
		{23523DBE-0751-43FB-A10E-5A5D2BC2F93E}.Release|Any CPU.ActiveCfg = Release|Any CPU
		{23523DBE-0751-43FB-A10E-5A5D2BC2F93E}.Release|Any CPU.Build.0 = Release|Any CPU
		{C7D732E3-EFF4-4AE7-8023-6FF64A0D70EE}.Debug|Any CPU.ActiveCfg = Debug|Any CPU
		{C7D732E3-EFF4-4AE7-8023-6FF64A0D70EE}.Debug|Any CPU.Build.0 = Debug|Any CPU
		{C7D732E3-EFF4-4AE7-8023-6FF64A0D70EE}.Release|Any CPU.ActiveCfg = Release|Any CPU
		{C7D732E3-EFF4-4AE7-8023-6FF64A0D70EE}.Release|Any CPU.Build.0 = Release|Any CPU
	EndGlobalSection
	GlobalSection(SolutionProperties) = preSolution
		HideSolutionNode = FALSE
	EndGlobalSection
	GlobalSection(ExtensibilityGlobals) = postSolution
		SolutionGuid = {73ACDD8D-BBE0-445B-893D-4AB74B2DDE54}
	EndGlobalSection
EndGlobal
