
Microsoft Visual Studio Solution File, Format Version 12.00
# Visual Studio 15
VisualStudioVersion = 15.0.27130.2036
MinimumVisualStudioVersion = 10.0.40219.1
Project("{FAE04EC0-301F-11D3-BF4B-00C04F79EFBC}") = "CS-ASP_040", "CS-ASP_040\CS-ASP_040.csproj", "{55C0B7A4-1894-4464-815D-386BD5180D7F}"
EndProject
Global
	GlobalSection(SolutionConfigurationPlatforms) = preSolution
		Debug|Any CPU = Debug|Any CPU
		Release|Any CPU = Release|Any CPU
	EndGlobalSection
	GlobalSection(ProjectConfigurationPlatforms) = postSolution
		{55C0B7A4-1894-4464-815D-386BD5180D7F}.Debug|Any CPU.ActiveCfg = Debug|Any CPU
		{55C0B7A4-1894-4464-815D-386BD5180D7F}.Debug|Any CPU.Build.0 = Debug|Any CPU
		{55C0B7A4-1894-4464-815D-386BD5180D7F}.Release|Any CPU.ActiveCfg = Release|Any CPU
		{55C0B7A4-1894-4464-815D-386BD5180D7F}.Release|Any CPU.Build.0 = Release|Any CPU
	EndGlobalSection
	GlobalSection(SolutionProperties) = preSolution
		HideSolutionNode = FALSE
	EndGlobalSection
	GlobalSection(ExtensibilityGlobals) = postSolution
		SolutionGuid = {6615EE70-30B8-41D1-BD3E-EBFB51151A4E}
	EndGlobalSection
EndGlobal
