
Microsoft Visual Studio Solution File, Format Version 12.00
# Visual Studio 15
VisualStudioVersion = 15.0.27130.2036
MinimumVisualStudioVersion = 10.0.40219.1
Project("{FAE04EC0-301F-11D3-BF4B-00C04F79EFBC}") = "CS-ASP_050", "CS-ASP_050\CS-ASP_050.csproj", "{A05E9C59-0365-4E92-AF43-223CCE2E665D}"
EndProject
Global
	GlobalSection(SolutionConfigurationPlatforms) = preSolution
		Debug|Any CPU = Debug|Any CPU
		Release|Any CPU = Release|Any CPU
	EndGlobalSection
	GlobalSection(ProjectConfigurationPlatforms) = postSolution
		{A05E9C59-0365-4E92-AF43-223CCE2E665D}.Debug|Any CPU.ActiveCfg = Debug|Any CPU
		{A05E9C59-0365-4E92-AF43-223CCE2E665D}.Debug|Any CPU.Build.0 = Debug|Any CPU
		{A05E9C59-0365-4E92-AF43-223CCE2E665D}.Release|Any CPU.ActiveCfg = Release|Any CPU
		{A05E9C59-0365-4E92-AF43-223CCE2E665D}.Release|Any CPU.Build.0 = Release|Any CPU
	EndGlobalSection
	GlobalSection(SolutionProperties) = preSolution
		HideSolutionNode = FALSE
	EndGlobalSection
	GlobalSection(ExtensibilityGlobals) = postSolution
		SolutionGuid = {6585962D-2D0D-4060-9E68-1C0B67AFEF1B}
	EndGlobalSection
EndGlobal
