
Microsoft Visual Studio Solution File, Format Version 12.00
# Visual Studio 15
VisualStudioVersion = 15.0.27130.2026
MinimumVisualStudioVersion = 10.0.40219.1
Project("{FAE04EC0-301F-11D3-BF4B-00C04F79EFBC}") = "CS-ASP_016-Challenge", "CS-ASP_016-Challenge\CS-ASP_016-Challenge.csproj", "{F98E2170-E1EE-44C7-BD7C-3AEA779B269E}"
EndProject
Global
	GlobalSection(SolutionConfigurationPlatforms) = preSolution
		Debug|Any CPU = Debug|Any CPU
		Release|Any CPU = Release|Any CPU
	EndGlobalSection
	GlobalSection(ProjectConfigurationPlatforms) = postSolution
		{F98E2170-E1EE-44C7-BD7C-3AEA779B269E}.Debug|Any CPU.ActiveCfg = Debug|Any CPU
		{F98E2170-E1EE-44C7-BD7C-3AEA779B269E}.Debug|Any CPU.Build.0 = Debug|Any CPU
		{F98E2170-E1EE-44C7-BD7C-3AEA779B269E}.Release|Any CPU.ActiveCfg = Release|Any CPU
		{F98E2170-E1EE-44C7-BD7C-3AEA779B269E}.Release|Any CPU.Build.0 = Release|Any CPU
	EndGlobalSection
	GlobalSection(SolutionProperties) = preSolution
		HideSolutionNode = FALSE
	EndGlobalSection
	GlobalSection(ExtensibilityGlobals) = postSolution
		SolutionGuid = {4327F155-2419-4BBE-AF78-F809F135CFB7}
	EndGlobalSection
EndGlobal
