
Microsoft Visual Studio Solution File, Format Version 12.00
# Visual Studio 15
VisualStudioVersion = 15.0.27130.2026
MinimumVisualStudioVersion = 10.0.40219.1
Project("{FAE04EC0-301F-11D3-BF4B-00C04F79EFBC}") = "CS-ASP_023", "CS-ASP_023\CS-ASP_023.csproj", "{2807676D-657F-478F-AC6B-AACF622A5A22}"
EndProject
Global
	GlobalSection(SolutionConfigurationPlatforms) = preSolution
		Debug|Any CPU = Debug|Any CPU
		Release|Any CPU = Release|Any CPU
	EndGlobalSection
	GlobalSection(ProjectConfigurationPlatforms) = postSolution
		{2807676D-657F-478F-AC6B-AACF622A5A22}.Debug|Any CPU.ActiveCfg = Debug|Any CPU
		{2807676D-657F-478F-AC6B-AACF622A5A22}.Debug|Any CPU.Build.0 = Debug|Any CPU
		{2807676D-657F-478F-AC6B-AACF622A5A22}.Release|Any CPU.ActiveCfg = Release|Any CPU
		{2807676D-657F-478F-AC6B-AACF622A5A22}.Release|Any CPU.Build.0 = Release|Any CPU
	EndGlobalSection
	GlobalSection(SolutionProperties) = preSolution
		HideSolutionNode = FALSE
	EndGlobalSection
	GlobalSection(ExtensibilityGlobals) = postSolution
		SolutionGuid = {48494F15-890B-4879-B555-60CD7F2B2654}
	EndGlobalSection
EndGlobal
