
Microsoft Visual Studio Solution File, Format Version 12.00
# Visual Studio 15
VisualStudioVersion = 15.0.27130.2026
MinimumVisualStudioVersion = 10.0.40219.1
Project("{FAE04EC0-301F-11D3-BF4B-00C04F79EFBC}") = "CS-ASP_026", "CS-ASP_026\CS-ASP_026.csproj", "{0472FD2C-0498-4E44-B402-EAD4501DBF15}"
EndProject
Global
	GlobalSection(SolutionConfigurationPlatforms) = preSolution
		Debug|Any CPU = Debug|Any CPU
		Release|Any CPU = Release|Any CPU
	EndGlobalSection
	GlobalSection(ProjectConfigurationPlatforms) = postSolution
		{0472FD2C-0498-4E44-B402-EAD4501DBF15}.Debug|Any CPU.ActiveCfg = Debug|Any CPU
		{0472FD2C-0498-4E44-B402-EAD4501DBF15}.Debug|Any CPU.Build.0 = Debug|Any CPU
		{0472FD2C-0498-4E44-B402-EAD4501DBF15}.Release|Any CPU.ActiveCfg = Release|Any CPU
		{0472FD2C-0498-4E44-B402-EAD4501DBF15}.Release|Any CPU.Build.0 = Release|Any CPU
	EndGlobalSection
	GlobalSection(SolutionProperties) = preSolution
		HideSolutionNode = FALSE
	EndGlobalSection
	GlobalSection(ExtensibilityGlobals) = postSolution
		SolutionGuid = {72BB4134-5BF1-44D9-8370-0562C022CBE0}
	EndGlobalSection
EndGlobal
