
Microsoft Visual Studio Solution File, Format Version 12.00
# Visual Studio 15
VisualStudioVersion = 15.0.27130.2036
MinimumVisualStudioVersion = 10.0.40219.1
Project("{FAE04EC0-301F-11D3-BF4B-00C04F79EFBC}") = "CS-ASP_042", "CS-ASP_042\CS-ASP_042.csproj", "{6F8FF48B-3A51-4683-8F2E-8FD1D40D3773}"
EndProject
Global
	GlobalSection(SolutionConfigurationPlatforms) = preSolution
		Debug|Any CPU = Debug|Any CPU
		Release|Any CPU = Release|Any CPU
	EndGlobalSection
	GlobalSection(ProjectConfigurationPlatforms) = postSolution
		{6F8FF48B-3A51-4683-8F2E-8FD1D40D3773}.Debug|Any CPU.ActiveCfg = Debug|Any CPU
		{6F8FF48B-3A51-4683-8F2E-8FD1D40D3773}.Debug|Any CPU.Build.0 = Debug|Any CPU
		{6F8FF48B-3A51-4683-8F2E-8FD1D40D3773}.Release|Any CPU.ActiveCfg = Release|Any CPU
		{6F8FF48B-3A51-4683-8F2E-8FD1D40D3773}.Release|Any CPU.Build.0 = Release|Any CPU
	EndGlobalSection
	GlobalSection(SolutionProperties) = preSolution
		HideSolutionNode = FALSE
	EndGlobalSection
	GlobalSection(ExtensibilityGlobals) = postSolution
		SolutionGuid = {9F17D776-DD7F-44E0-865E-FD0DD07ABBC2}
	EndGlobalSection
EndGlobal
