
Microsoft Visual Studio Solution File, Format Version 12.00
# Visual Studio 15
VisualStudioVersion = 15.0.27130.2036
MinimumVisualStudioVersion = 10.0.40219.1
Project("{FAE04EC0-301F-11D3-BF4B-00C04F79EFBC}") = "CS-ASP_038", "CS-ASP_038\CS-ASP_038.csproj", "{467B8804-107A-4048-9F35-9EDCBC0FB955}"
EndProject
Global
	GlobalSection(SolutionConfigurationPlatforms) = preSolution
		Debug|Any CPU = Debug|Any CPU
		Release|Any CPU = Release|Any CPU
	EndGlobalSection
	GlobalSection(ProjectConfigurationPlatforms) = postSolution
		{467B8804-107A-4048-9F35-9EDCBC0FB955}.Debug|Any CPU.ActiveCfg = Debug|Any CPU
		{467B8804-107A-4048-9F35-9EDCBC0FB955}.Debug|Any CPU.Build.0 = Debug|Any CPU
		{467B8804-107A-4048-9F35-9EDCBC0FB955}.Release|Any CPU.ActiveCfg = Release|Any CPU
		{467B8804-107A-4048-9F35-9EDCBC0FB955}.Release|Any CPU.Build.0 = Release|Any CPU
	EndGlobalSection
	GlobalSection(SolutionProperties) = preSolution
		HideSolutionNode = FALSE
	EndGlobalSection
	GlobalSection(ExtensibilityGlobals) = postSolution
		SolutionGuid = {B526C400-6C69-484D-9BF2-4CBBCF825426}
	EndGlobalSection
EndGlobal
