
Microsoft Visual Studio Solution File, Format Version 12.00
# Visual Studio 15
VisualStudioVersion = 15.0.27130.2026
MinimumVisualStudioVersion = 10.0.40219.1
Project("{FAE04EC0-301F-11D3-BF4B-00C04F79EFBC}") = "CS-ASP_012-Challenge", "CS-ASP_012-Challenge\CS-ASP_012-Challenge.csproj", "{D4DA9C20-5958-420F-B869-C7DEF055ABBA}"
EndProject
Global
	GlobalSection(SolutionConfigurationPlatforms) = preSolution
		Debug|Any CPU = Debug|Any CPU
		Release|Any CPU = Release|Any CPU
	EndGlobalSection
	GlobalSection(ProjectConfigurationPlatforms) = postSolution
		{D4DA9C20-5958-420F-B869-C7DEF055ABBA}.Debug|Any CPU.ActiveCfg = Debug|Any CPU
		{D4DA9C20-5958-420F-B869-C7DEF055ABBA}.Debug|Any CPU.Build.0 = Debug|Any CPU
		{D4DA9C20-5958-420F-B869-C7DEF055ABBA}.Release|Any CPU.ActiveCfg = Release|Any CPU
		{D4DA9C20-5958-420F-B869-C7DEF055ABBA}.Release|Any CPU.Build.0 = Release|Any CPU
	EndGlobalSection
	GlobalSection(SolutionProperties) = preSolution
		HideSolutionNode = FALSE
	EndGlobalSection
	GlobalSection(ExtensibilityGlobals) = postSolution
		SolutionGuid = {06AD7CF6-E99A-4840-905C-C76C379DDA1F}
	EndGlobalSection
EndGlobal
